
Microsoft Visual Studio Solution File, Format Version 12.00
# Visual Studio Version 17
VisualStudioVersion = 17.11.35312.102
MinimumVisualStudioVersion = 10.0.40219.1
Project("{9A19103F-16F7-4668-BE54-9A1E7A4F7556}") = "DataManagementWASM", "DataManagementWASM\DataManagementWASM.csproj", "{C8FB07A4-EF4E-4F4B-B58F-ADD8B452386B}"
EndProject
Project("{9A19103F-16F7-4668-BE54-9A1E7A4F7556}") = "GameDatabase", "GameDatabase\GameDatabase.csproj", "{EB2407F0-5182-4D28-BF11-96F37AE83353}"
EndProject
Global
	GlobalSection(SolutionConfigurationPlatforms) = preSolution
		Debug|Any CPU = Debug|Any CPU
		Release|Any CPU = Release|Any CPU
	EndGlobalSection
	GlobalSection(ProjectConfigurationPlatforms) = postSolution
		{C8FB07A4-EF4E-4F4B-B58F-ADD8B452386B}.Debug|Any CPU.ActiveCfg = Debug|Any CPU
		{C8FB07A4-EF4E-4F4B-B58F-ADD8B452386B}.Debug|Any CPU.Build.0 = Debug|Any CPU
		{C8FB07A4-EF4E-4F4B-B58F-ADD8B452386B}.Release|Any CPU.ActiveCfg = Release|Any CPU
		{C8FB07A4-EF4E-4F4B-B58F-ADD8B452386B}.Release|Any CPU.Build.0 = Release|Any CPU
		{EB2407F0-5182-4D28-BF11-96F37AE83353}.Debug|Any CPU.ActiveCfg = Debug|Any CPU
		{EB2407F0-5182-4D28-BF11-96F37AE83353}.Debug|Any CPU.Build.0 = Debug|Any CPU
		{EB2407F0-5182-4D28-BF11-96F37AE83353}.Release|Any CPU.ActiveCfg = Release|Any CPU
		{EB2407F0-5182-4D28-BF11-96F37AE83353}.Release|Any CPU.Build.0 = Release|Any CPU
	EndGlobalSection
	GlobalSection(SolutionProperties) = preSolution
		HideSolutionNode = FALSE
	EndGlobalSection
	GlobalSection(ExtensibilityGlobals) = postSolution
		SolutionGuid = {6A4B047E-48E5-48FF-8B45-3F9092BD869F}
	EndGlobalSection
EndGlobal
